
Microsoft Visual Studio Solution File, Format Version 12.00
# Visual Studio Version 16
VisualStudioVersion = 16.0.30114.105
MinimumVisualStudioVersion = 10.0.40219.1
Project("{FAE04EC0-301F-11D3-BF4B-00C04F79EFBC}") = "KeyGenerator", "KeyGenerator\KeyGenerator.csproj", "{5A5EB975-1CB5-45FE-A103-B8EF4872CEB1}"
EndProject
Project("{FAE04EC0-301F-11D3-BF4B-00C04F79EFBC}") = "LibWallet", "LibWallet\LibWallet.csproj", "{A24D0E48-63D7-45F0-9BDC-964919FB1E96}"
EndProject
Project("{FAE04EC0-301F-11D3-BF4B-00C04F79EFBC}") = "LibRPC", "LibRPC\LibRPC.csproj", "{9E07CC38-7773-4100-80FE-B9C67DA06C86}"
EndProject
Project("{FAE04EC0-301F-11D3-BF4B-00C04F79EFBC}") = "LibHelper", "LibHelper\LibHelper.csproj", "{101A84EB-EE57-455E-9209-6592DA368650}"
EndProject
Project("{FAE04EC0-301F-11D3-BF4B-00C04F79EFBC}") = "TrustAnchorClaimer", "TrustAnchorClaimer\TrustAnchorClaimer.csproj", "{B12DD848-81E9-4C17-B899-85B36C22DB85}"
EndProject
Project("{FAE04EC0-301F-11D3-BF4B-00C04F79EFBC}") = "TrustAnchorRepresentative", "TrustAnchorRepresentative\TrustAnchorRepresentative.csproj", "{C2BCF5CA-CE8C-4CB6-AA3B-C1D222277351}"
EndProject
Project("{FAE04EC0-301F-11D3-BF4B-00C04F79EFBC}") = "TrustAnchorDeployer", "TrustAnchorDeployer\TrustAnchorDeployer.csproj", "{AE4E4F3E-8651-4717-BA0D-717ACBDB27D2}"
EndProject
Project("{FAE04EC0-301F-11D3-BF4B-00C04F79EFBC}") = "CheckStake", "CheckStake\CheckStake.csproj", "{6543625F-E113-475F-B82D-DEE6F6F70036}"
EndProject
Project("{FAE04EC0-301F-11D3-BF4B-00C04F79EFBC}") = "ConfigureAgent", "ConfigureAgent\ConfigureAgent.csproj", "{D8E64519-A3AD-4D79-BC8F-CA335142412E}"
EndProject
Project("{FAE04EC0-301F-11D3-BF4B-00C04F79EFBC}") = "GetOwner", "GetOwner.csproj", "{27368C65-3D56-4FD4-9894-67BA11955CBC}"
EndProject
Project("{FAE04EC0-301F-11D3-BF4B-00C04F79EFBC}") = "StakeNEO", "StakeNEO\StakeNEO.csproj", "{E8FE707B-694C-417E-AF9D-6D23A50C9275}"
EndProject
Project("{FAE04EC0-301F-11D3-BF4B-00C04F79EFBC}") = "TrustAnchorOps.Tests", "TrustAnchorOps.Tests\TrustAnchorOps.Tests.csproj", "{7F3F549B-B717-40EE-ABCB-3A0C0F1C3DFC}"
EndProject
Global
	GlobalSection(SolutionConfigurationPlatforms) = preSolution
		Debug|Any CPU = Debug|Any CPU
		Debug|x64 = Debug|x64
		Debug|x86 = Debug|x86
		Release|Any CPU = Release|Any CPU
		Release|x64 = Release|x64
		Release|x86 = Release|x86
	EndGlobalSection
	GlobalSection(ProjectConfigurationPlatforms) = postSolution
		{5A5EB975-1CB5-45FE-A103-B8EF4872CEB1}.Debug|Any CPU.ActiveCfg = Debug|Any CPU
		{5A5EB975-1CB5-45FE-A103-B8EF4872CEB1}.Debug|Any CPU.Build.0 = Debug|Any CPU
		{5A5EB975-1CB5-45FE-A103-B8EF4872CEB1}.Debug|x64.ActiveCfg = Debug|Any CPU
		{5A5EB975-1CB5-45FE-A103-B8EF4872CEB1}.Debug|x64.Build.0 = Debug|Any CPU
		{5A5EB975-1CB5-45FE-A103-B8EF4872CEB1}.Debug|x86.ActiveCfg = Debug|Any CPU
		{5A5EB975-1CB5-45FE-A103-B8EF4872CEB1}.Debug|x86.Build.0 = Debug|Any CPU
		{5A5EB975-1CB5-45FE-A103-B8EF4872CEB1}.Release|Any CPU.ActiveCfg = Release|Any CPU
		{5A5EB975-1CB5-45FE-A103-B8EF4872CEB1}.Release|Any CPU.Build.0 = Release|Any CPU
		{5A5EB975-1CB5-45FE-A103-B8EF4872CEB1}.Release|x64.ActiveCfg = Release|Any CPU
		{5A5EB975-1CB5-45FE-A103-B8EF4872CEB1}.Release|x64.Build.0 = Release|Any CPU
		{5A5EB975-1CB5-45FE-A103-B8EF4872CEB1}.Release|x86.ActiveCfg = Release|Any CPU
		{5A5EB975-1CB5-45FE-A103-B8EF4872CEB1}.Release|x86.Build.0 = Release|Any CPU
		{A24D0E48-63D7-45F0-9BDC-964919FB1E96}.Debug|Any CPU.ActiveCfg = Debug|Any CPU
		{A24D0E48-63D7-45F0-9BDC-964919FB1E96}.Debug|Any CPU.Build.0 = Debug|Any CPU
		{A24D0E48-63D7-45F0-9BDC-964919FB1E96}.Debug|x64.ActiveCfg = Debug|Any CPU
		{A24D0E48-63D7-45F0-9BDC-964919FB1E96}.Debug|x64.Build.0 = Debug|Any CPU
		{A24D0E48-63D7-45F0-9BDC-964919FB1E96}.Debug|x86.ActiveCfg = Debug|Any CPU
		{A24D0E48-63D7-45F0-9BDC-964919FB1E96}.Debug|x86.Build.0 = Debug|Any CPU
		{A24D0E48-63D7-45F0-9BDC-964919FB1E96}.Release|Any CPU.ActiveCfg = Release|Any CPU
		{A24D0E48-63D7-45F0-9BDC-964919FB1E96}.Release|Any CPU.Build.0 = Release|Any CPU
		{A24D0E48-63D7-45F0-9BDC-964919FB1E96}.Release|x64.ActiveCfg = Release|Any CPU
		{A24D0E48-63D7-45F0-9BDC-964919FB1E96}.Release|x64.Build.0 = Release|Any CPU
		{A24D0E48-63D7-45F0-9BDC-964919FB1E96}.Release|x86.ActiveCfg = Release|Any CPU
		{A24D0E48-63D7-45F0-9BDC-964919FB1E96}.Release|x86.Build.0 = Release|Any CPU
		{9E07CC38-7773-4100-80FE-B9C67DA06C86}.Debug|Any CPU.ActiveCfg = Debug|Any CPU
		{9E07CC38-7773-4100-80FE-B9C67DA06C86}.Debug|Any CPU.Build.0 = Debug|Any CPU
		{9E07CC38-7773-4100-80FE-B9C67DA06C86}.Debug|x64.ActiveCfg = Debug|Any CPU
		{9E07CC38-7773-4100-80FE-B9C67DA06C86}.Debug|x64.Build.0 = Debug|Any CPU
		{9E07CC38-7773-4100-80FE-B9C67DA06C86}.Debug|x86.ActiveCfg = Debug|Any CPU
		{9E07CC38-7773-4100-80FE-B9C67DA06C86}.Debug|x86.Build.0 = Debug|Any CPU
		{9E07CC38-7773-4100-80FE-B9C67DA06C86}.Release|Any CPU.ActiveCfg = Release|Any CPU
		{9E07CC38-7773-4100-80FE-B9C67DA06C86}.Release|Any CPU.Build.0 = Release|Any CPU
		{9E07CC38-7773-4100-80FE-B9C67DA06C86}.Release|x64.ActiveCfg = Release|Any CPU
		{9E07CC38-7773-4100-80FE-B9C67DA06C86}.Release|x64.Build.0 = Release|Any CPU
		{9E07CC38-7773-4100-80FE-B9C67DA06C86}.Release|x86.ActiveCfg = Release|Any CPU
		{9E07CC38-7773-4100-80FE-B9C67DA06C86}.Release|x86.Build.0 = Release|Any CPU
		{101A84EB-EE57-455E-9209-6592DA368650}.Debug|Any CPU.ActiveCfg = Debug|Any CPU
		{101A84EB-EE57-455E-9209-6592DA368650}.Debug|Any CPU.Build.0 = Debug|Any CPU
		{101A84EB-EE57-455E-9209-6592DA368650}.Debug|x64.ActiveCfg = Debug|Any CPU
		{101A84EB-EE57-455E-9209-6592DA368650}.Debug|x64.Build.0 = Debug|Any CPU
		{101A84EB-EE57-455E-9209-6592DA368650}.Debug|x86.ActiveCfg = Debug|Any CPU
		{101A84EB-EE57-455E-9209-6592DA368650}.Debug|x86.Build.0 = Debug|Any CPU
		{101A84EB-EE57-455E-9209-6592DA368650}.Release|Any CPU.ActiveCfg = Release|Any CPU
		{101A84EB-EE57-455E-9209-6592DA368650}.Release|Any CPU.Build.0 = Release|Any CPU
		{101A84EB-EE57-455E-9209-6592DA368650}.Release|x64.ActiveCfg = Release|Any CPU
		{101A84EB-EE57-455E-9209-6592DA368650}.Release|x64.Build.0 = Release|Any CPU
		{101A84EB-EE57-455E-9209-6592DA368650}.Release|x86.ActiveCfg = Release|Any CPU
		{101A84EB-EE57-455E-9209-6592DA368650}.Release|x86.Build.0 = Release|Any CPU
		{B12DD848-81E9-4C17-B899-85B36C22DB85}.Debug|Any CPU.ActiveCfg = Debug|Any CPU
		{B12DD848-81E9-4C17-B899-85B36C22DB85}.Debug|Any CPU.Build.0 = Debug|Any CPU
		{B12DD848-81E9-4C17-B899-85B36C22DB85}.Debug|x64.ActiveCfg = Debug|Any CPU
		{B12DD848-81E9-4C17-B899-85B36C22DB85}.Debug|x64.Build.0 = Debug|Any CPU
		{B12DD848-81E9-4C17-B899-85B36C22DB85}.Debug|x86.ActiveCfg = Debug|Any CPU
		{B12DD848-81E9-4C17-B899-85B36C22DB85}.Debug|x86.Build.0 = Debug|Any CPU
		{B12DD848-81E9-4C17-B899-85B36C22DB85}.Release|Any CPU.ActiveCfg = Release|Any CPU
		{B12DD848-81E9-4C17-B899-85B36C22DB85}.Release|Any CPU.Build.0 = Release|Any CPU
		{B12DD848-81E9-4C17-B899-85B36C22DB85}.Release|x64.ActiveCfg = Release|Any CPU
		{B12DD848-81E9-4C17-B899-85B36C22DB85}.Release|x64.Build.0 = Release|Any CPU
		{B12DD848-81E9-4C17-B899-85B36C22DB85}.Release|x86.ActiveCfg = Release|Any CPU
		{B12DD848-81E9-4C17-B899-85B36C22DB85}.Release|x86.Build.0 = Release|Any CPU
		{C2BCF5CA-CE8C-4CB6-AA3B-C1D222277351}.Debug|Any CPU.ActiveCfg = Debug|Any CPU
		{C2BCF5CA-CE8C-4CB6-AA3B-C1D222277351}.Debug|Any CPU.Build.0 = Debug|Any CPU
		{C2BCF5CA-CE8C-4CB6-AA3B-C1D222277351}.Debug|x64.ActiveCfg = Debug|Any CPU
		{C2BCF5CA-CE8C-4CB6-AA3B-C1D222277351}.Debug|x64.Build.0 = Debug|Any CPU
		{C2BCF5CA-CE8C-4CB6-AA3B-C1D222277351}.Debug|x86.ActiveCfg = Debug|Any CPU
		{C2BCF5CA-CE8C-4CB6-AA3B-C1D222277351}.Debug|x86.Build.0 = Debug|Any CPU
		{C2BCF5CA-CE8C-4CB6-AA3B-C1D222277351}.Release|Any CPU.ActiveCfg = Release|Any CPU
		{C2BCF5CA-CE8C-4CB6-AA3B-C1D222277351}.Release|Any CPU.Build.0 = Release|Any CPU
		{C2BCF5CA-CE8C-4CB6-AA3B-C1D222277351}.Release|x64.ActiveCfg = Release|Any CPU
		{C2BCF5CA-CE8C-4CB6-AA3B-C1D222277351}.Release|x64.Build.0 = Release|Any CPU
		{C2BCF5CA-CE8C-4CB6-AA3B-C1D222277351}.Release|x86.ActiveCfg = Release|Any CPU
		{C2BCF5CA-CE8C-4CB6-AA3B-C1D222277351}.Release|x86.Build.0 = Release|Any CPU
		{AE4E4F3E-8651-4717-BA0D-717ACBDB27D2}.Debug|Any CPU.ActiveCfg = Debug|Any CPU
		{AE4E4F3E-8651-4717-BA0D-717ACBDB27D2}.Debug|Any CPU.Build.0 = Debug|Any CPU
		{AE4E4F3E-8651-4717-BA0D-717ACBDB27D2}.Debug|x64.ActiveCfg = Debug|Any CPU
		{AE4E4F3E-8651-4717-BA0D-717ACBDB27D2}.Debug|x64.Build.0 = Debug|Any CPU
		{AE4E4F3E-8651-4717-BA0D-717ACBDB27D2}.Debug|x86.ActiveCfg = Debug|Any CPU
		{AE4E4F3E-8651-4717-BA0D-717ACBDB27D2}.Debug|x86.Build.0 = Debug|Any CPU
		{AE4E4F3E-8651-4717-BA0D-717ACBDB27D2}.Release|Any CPU.ActiveCfg = Release|Any CPU
		{AE4E4F3E-8651-4717-BA0D-717ACBDB27D2}.Release|Any CPU.Build.0 = Release|Any CPU
		{AE4E4F3E-8651-4717-BA0D-717ACBDB27D2}.Release|x64.ActiveCfg = Release|Any CPU
		{AE4E4F3E-8651-4717-BA0D-717ACBDB27D2}.Release|x64.Build.0 = Release|Any CPU
		{AE4E4F3E-8651-4717-BA0D-717ACBDB27D2}.Release|x86.ActiveCfg = Release|Any CPU
		{AE4E4F3E-8651-4717-BA0D-717ACBDB27D2}.Release|x86.Build.0 = Release|Any CPU
		{6543625F-E113-475F-B82D-DEE6F6F70036}.Debug|Any CPU.ActiveCfg = Debug|Any CPU
		{6543625F-E113-475F-B82D-DEE6F6F70036}.Debug|Any CPU.Build.0 = Debug|Any CPU
		{6543625F-E113-475F-B82D-DEE6F6F70036}.Debug|x64.ActiveCfg = Debug|Any CPU
		{6543625F-E113-475F-B82D-DEE6F6F70036}.Debug|x64.Build.0 = Debug|Any CPU
		{6543625F-E113-475F-B82D-DEE6F6F70036}.Debug|x86.ActiveCfg = Debug|Any CPU
		{6543625F-E113-475F-B82D-DEE6F6F70036}.Debug|x86.Build.0 = Debug|Any CPU
		{6543625F-E113-475F-B82D-DEE6F6F70036}.Release|Any CPU.ActiveCfg = Release|Any CPU
		{6543625F-E113-475F-B82D-DEE6F6F70036}.Release|Any CPU.Build.0 = Release|Any CPU
		{6543625F-E113-475F-B82D-DEE6F6F70036}.Release|x64.ActiveCfg = Release|Any CPU
		{6543625F-E113-475F-B82D-DEE6F6F70036}.Release|x64.Build.0 = Release|Any CPU
		{6543625F-E113-475F-B82D-DEE6F6F70036}.Release|x86.ActiveCfg = Release|Any CPU
		{6543625F-E113-475F-B82D-DEE6F6F70036}.Release|x86.Build.0 = Release|Any CPU
		{D8E64519-A3AD-4D79-BC8F-CA335142412E}.Debug|Any CPU.ActiveCfg = Debug|Any CPU
		{D8E64519-A3AD-4D79-BC8F-CA335142412E}.Debug|Any CPU.Build.0 = Debug|Any CPU
		{D8E64519-A3AD-4D79-BC8F-CA335142412E}.Debug|x64.ActiveCfg = Debug|Any CPU
		{D8E64519-A3AD-4D79-BC8F-CA335142412E}.Debug|x64.Build.0 = Debug|Any CPU
		{D8E64519-A3AD-4D79-BC8F-CA335142412E}.Debug|x86.ActiveCfg = Debug|Any CPU
		{D8E64519-A3AD-4D79-BC8F-CA335142412E}.Debug|x86.Build.0 = Debug|Any CPU
		{D8E64519-A3AD-4D79-BC8F-CA335142412E}.Release|Any CPU.ActiveCfg = Release|Any CPU
		{D8E64519-A3AD-4D79-BC8F-CA335142412E}.Release|Any CPU.Build.0 = Release|Any CPU
		{D8E64519-A3AD-4D79-BC8F-CA335142412E}.Release|x64.ActiveCfg = Release|Any CPU
		{D8E64519-A3AD-4D79-BC8F-CA335142412E}.Release|x64.Build.0 = Release|Any CPU
		{D8E64519-A3AD-4D79-BC8F-CA335142412E}.Release|x86.ActiveCfg = Release|Any CPU
		{D8E64519-A3AD-4D79-BC8F-CA335142412E}.Release|x86.Build.0 = Release|Any CPU
		{27368C65-3D56-4FD4-9894-67BA11955CBC}.Debug|Any CPU.ActiveCfg = Debug|Any CPU
		{27368C65-3D56-4FD4-9894-67BA11955CBC}.Debug|Any CPU.Build.0 = Debug|Any CPU
		{27368C65-3D56-4FD4-9894-67BA11955CBC}.Debug|x64.ActiveCfg = Debug|Any CPU
		{27368C65-3D56-4FD4-9894-67BA11955CBC}.Debug|x64.Build.0 = Debug|Any CPU
		{27368C65-3D56-4FD4-9894-67BA11955CBC}.Debug|x86.ActiveCfg = Debug|Any CPU
		{27368C65-3D56-4FD4-9894-67BA11955CBC}.Debug|x86.Build.0 = Debug|Any CPU
		{27368C65-3D56-4FD4-9894-67BA11955CBC}.Release|Any CPU.ActiveCfg = Release|Any CPU
		{27368C65-3D56-4FD4-9894-67BA11955CBC}.Release|Any CPU.Build.0 = Release|Any CPU
		{27368C65-3D56-4FD4-9894-67BA11955CBC}.Release|x64.ActiveCfg = Release|Any CPU
		{27368C65-3D56-4FD4-9894-67BA11955CBC}.Release|x64.Build.0 = Release|Any CPU
		{27368C65-3D56-4FD4-9894-67BA11955CBC}.Release|x86.ActiveCfg = Release|Any CPU
		{27368C65-3D56-4FD4-9894-67BA11955CBC}.Release|x86.Build.0 = Release|Any CPU
		{E8FE707B-694C-417E-AF9D-6D23A50C9275}.Debug|Any CPU.ActiveCfg = Debug|Any CPU
		{E8FE707B-694C-417E-AF9D-6D23A50C9275}.Debug|Any CPU.Build.0 = Debug|Any CPU
		{E8FE707B-694C-417E-AF9D-6D23A50C9275}.Debug|x64.ActiveCfg = Debug|Any CPU
		{E8FE707B-694C-417E-AF9D-6D23A50C9275}.Debug|x64.Build.0 = Debug|Any CPU
		{E8FE707B-694C-417E-AF9D-6D23A50C9275}.Debug|x86.ActiveCfg = Debug|Any CPU
		{E8FE707B-694C-417E-AF9D-6D23A50C9275}.Debug|x86.Build.0 = Debug|Any CPU
		{E8FE707B-694C-417E-AF9D-6D23A50C9275}.Release|Any CPU.ActiveCfg = Release|Any CPU
		{E8FE707B-694C-417E-AF9D-6D23A50C9275}.Release|Any CPU.Build.0 = Release|Any CPU
		{E8FE707B-694C-417E-AF9D-6D23A50C9275}.Release|x64.ActiveCfg = Release|Any CPU
		{E8FE707B-694C-417E-AF9D-6D23A50C9275}.Release|x64.Build.0 = Release|Any CPU
		{E8FE707B-694C-417E-AF9D-6D23A50C9275}.Release|x86.ActiveCfg = Release|Any CPU
		{E8FE707B-694C-417E-AF9D-6D23A50C9275}.Release|x86.Build.0 = Release|Any CPU
		{7F3F549B-B717-40EE-ABCB-3A0C0F1C3DFC}.Debug|Any CPU.ActiveCfg = Debug|Any CPU
		{7F3F549B-B717-40EE-ABCB-3A0C0F1C3DFC}.Debug|Any CPU.Build.0 = Debug|Any CPU
		{7F3F549B-B717-40EE-ABCB-3A0C0F1C3DFC}.Debug|x64.ActiveCfg = Debug|Any CPU
		{7F3F549B-B717-40EE-ABCB-3A0C0F1C3DFC}.Debug|x64.Build.0 = Debug|Any CPU
		{7F3F549B-B717-40EE-ABCB-3A0C0F1C3DFC}.Debug|x86.ActiveCfg = Debug|Any CPU
		{7F3F549B-B717-40EE-ABCB-3A0C0F1C3DFC}.Debug|x86.Build.0 = Debug|Any CPU
		{7F3F549B-B717-40EE-ABCB-3A0C0F1C3DFC}.Release|Any CPU.ActiveCfg = Release|Any CPU
		{7F3F549B-B717-40EE-ABCB-3A0C0F1C3DFC}.Release|Any CPU.Build.0 = Release|Any CPU
		{7F3F549B-B717-40EE-ABCB-3A0C0F1C3DFC}.Release|x64.ActiveCfg = Release|Any CPU
		{7F3F549B-B717-40EE-ABCB-3A0C0F1C3DFC}.Release|x64.Build.0 = Release|Any CPU
		{7F3F549B-B717-40EE-ABCB-3A0C0F1C3DFC}.Release|x86.ActiveCfg = Release|Any CPU
		{7F3F549B-B717-40EE-ABCB-3A0C0F1C3DFC}.Release|x86.Build.0 = Release|Any CPU
	EndGlobalSection
	GlobalSection(SolutionProperties) = preSolution
		HideSolutionNode = FALSE
	EndGlobalSection
EndGlobal
